// !$*UTF8*$!
{
	archiveVersion = 1;
	classes = {
	};
	objectVersion = 46;
	objects = {

/* Begin PBXBuildFile section */
		5D9B8A23E41694B7F73A43CA /* libPods.a in Frameworks */ = {isa = PBXBuildFile; fileRef = 1577A5994FFE6680D92FF67D /* libPods.a */; };
		60477B0A1B0D75850072AEB0 /* AppDelegate.swift in Sources */ = {isa = PBXBuildFile; fileRef = 60477B091B0D75850072AEB0 /* AppDelegate.swift */; };
		60477B0F1B0D75850072AEB0 /* Main.storyboard in Resources */ = {isa = PBXBuildFile; fileRef = 60477B0D1B0D75850072AEB0 /* Main.storyboard */; };
		60477B111B0D75850072AEB0 /* Images.xcassets in Resources */ = {isa = PBXBuildFile; fileRef = 60477B101B0D75850072AEB0 /* Images.xcassets */; };
		60477B141B0D75850072AEB0 /* LaunchScreen.xib in Resources */ = {isa = PBXBuildFile; fileRef = 60477B121B0D75850072AEB0 /* LaunchScreen.xib */; };
		60477B201B0D75850072AEB0 /* parsexampleTests.swift in Sources */ = {isa = PBXBuildFile; fileRef = 60477B1F1B0D75850072AEB0 /* parsexampleTests.swift */; };
/* End PBXBuildFile section */

/* Begin PBXContainerItemProxy section */
		60477B1A1B0D75850072AEB0 /* PBXContainerItemProxy */ = {
			isa = PBXContainerItemProxy;
			containerPortal = 60477AFC1B0D75840072AEB0 /* Project object */;
			proxyType = 1;
			remoteGlobalIDString = 60477B031B0D75850072AEB0;
			remoteInfo = parsexample;
		};
/* End PBXContainerItemProxy section */

/* Begin PBXFileReference section */
		1577A5994FFE6680D92FF67D /* libPods.a */ = {isa = PBXFileReference; explicitFileType = archive.ar; includeInIndex = 0; path = libPods.a; sourceTree = BUILT_PRODUCTS_DIR; };
		51DBF74A53828A907AC367AC /* Pods.release.xcconfig */ = {isa = PBXFileReference; includeInIndex = 1; lastKnownFileType = text.xcconfig; name = Pods.release.xcconfig; path = "Pods/Target Support Files/Pods/Pods.release.xcconfig"; sourceTree = "<group>"; };
		60477B041B0D75850072AEB0 /* parsexample.app */ = {isa = PBXFileReference; explicitFileType = wrapper.application; includeInIndex = 0; path = parsexample.app; sourceTree = BUILT_PRODUCTS_DIR; };
		60477B081B0D75850072AEB0 /* Info.plist */ = {isa = PBXFileReference; lastKnownFileType = text.plist.xml; path = Info.plist; sourceTree = "<group>"; };
		60477B091B0D75850072AEB0 /* AppDelegate.swift */ = {isa = PBXFileReference; lastKnownFileType = sourcecode.swift; path = AppDelegate.swift; sourceTree = "<group>"; };
		60477B0E1B0D75850072AEB0 /* Base */ = {isa = PBXFileReference; lastKnownFileType = file.storyboard; name = Base; path = Base.lproj/Main.storyboard; sourceTree = "<group>"; };
		60477B101B0D75850072AEB0 /* Images.xcassets */ = {isa = PBXFileReference; lastKnownFileType = folder.assetcatalog; path = Images.xcassets; sourceTree = "<group>"; };
		60477B131B0D75850072AEB0 /* Base */ = {isa = PBXFileReference; lastKnownFileType = file.xib; name = Base; path = Base.lproj/LaunchScreen.xib; sourceTree = "<group>"; };
		60477B191B0D75850072AEB0 /* parsexampleTests.xctest */ = {isa = PBXFileReference; explicitFileType = wrapper.cfbundle; includeInIndex = 0; path = parsexampleTests.xctest; sourceTree = BUILT_PRODUCTS_DIR; };
		60477B1E1B0D75850072AEB0 /* Info.plist */ = {isa = PBXFileReference; lastKnownFileType = text.plist.xml; path = Info.plist; sourceTree = "<group>"; };
		60477B1F1B0D75850072AEB0 /* parsexampleTests.swift */ = {isa = PBXFileReference; lastKnownFileType = sourcecode.swift; path = parsexampleTests.swift; sourceTree = "<group>"; };
		CB3A7426568DEF6684D818FA /* Pods.debug.xcconfig */ = {isa = PBXFileReference; includeInIndex = 1; lastKnownFileType = text.xcconfig; name = Pods.debug.xcconfig; path = "Pods/Target Support Files/Pods/Pods.debug.xcconfig"; sourceTree = "<group>"; };
/* End PBXFileReference section */

/* Begin PBXFrameworksBuildPhase section */
		60477B011B0D75850072AEB0 /* Frameworks */ = {
			isa = PBXFrameworksBuildPhase;
			buildActionMask = 2147483647;
			files = (
				5D9B8A23E41694B7F73A43CA /* libPods.a in Frameworks */,
			);
			runOnlyForDeploymentPostprocessing = 0;
		};
		60477B161B0D75850072AEB0 /* Frameworks */ = {
			isa = PBXFrameworksBuildPhase;
			buildActionMask = 2147483647;
			files = (
			);
			runOnlyForDeploymentPostprocessing = 0;
		};
/* End PBXFrameworksBuildPhase section */

/* Begin PBXGroup section */
		274C69785CBB3880EBD396BB /* Frameworks */ = {
			isa = PBXGroup;
			children = (
				1577A5994FFE6680D92FF67D /* libPods.a */,
			);
			name = Frameworks;
			sourceTree = "<group>";
		};
		60477AFB1B0D75840072AEB0 = {
			isa = PBXGroup;
			children = (
				60477B061B0D75850072AEB0 /* parsexample */,
				60477B1C1B0D75850072AEB0 /* parsexampleTests */,
				60477B051B0D75850072AEB0 /* Products */,
				BABC488C0E8646AEAEED370A /* Pods */,
				274C69785CBB3880EBD396BB /* Frameworks */,
			);
			sourceTree = "<group>";
		};
		60477B051B0D75850072AEB0 /* Products */ = {
			isa = PBXGroup;
			children = (
				60477B041B0D75850072AEB0 /* parsexample.app */,
				60477B191B0D75850072AEB0 /* parsexampleTests.xctest */,
			);
			name = Products;
			sourceTree = "<group>";
		};
		60477B061B0D75850072AEB0 /* parsexample */ = {
			isa = PBXGroup;
			children = (
				60477B091B0D75850072AEB0 /* AppDelegate.swift */,
				60477B0D1B0D75850072AEB0 /* Main.storyboard */,
				60477B101B0D75850072AEB0 /* Images.xcassets */,
				60477B121B0D75850072AEB0 /* LaunchScreen.xib */,
				60477B071B0D75850072AEB0 /* Supporting Files */,
			);
			path = parsexample;
			sourceTree = "<group>";
		};
		60477B071B0D75850072AEB0 /* Supporting Files */ = {
			isa = PBXGroup;
			children = (
				60477B081B0D75850072AEB0 /* Info.plist */,
			);
			name = "Supporting Files";
			sourceTree = "<group>";
		};
		60477B1C1B0D75850072AEB0 /* parsexampleTests */ = {
			isa = PBXGroup;
			children = (
				60477B1F1B0D75850072AEB0 /* parsexampleTests.swift */,
				60477B1D1B0D75850072AEB0 /* Supporting Files */,
			);
			path = parsexampleTests;
			sourceTree = "<group>";
		};
		60477B1D1B0D75850072AEB0 /* Supporting Files */ = {
			isa = PBXGroup;
			children = (
				60477B1E1B0D75850072AEB0 /* Info.plist */,
			);
			name = "Supporting Files";
			sourceTree = "<group>";
		};
		BABC488C0E8646AEAEED370A /* Pods */ = {
			isa = PBXGroup;
			children = (
				CB3A7426568DEF6684D818FA /* Pods.debug.xcconfig */,
				51DBF74A53828A907AC367AC /* Pods.release.xcconfig */,
			);
			name = Pods;
			sourceTree = "<group>";
		};
/* End PBXGroup section */

/* Begin PBXNativeTarget section */
		60477B031B0D75850072AEB0 /* parsexample */ = {
			isa = PBXNativeTarget;
			buildConfigurationList = 60477B231B0D75850072AEB0 /* Build configuration list for PBXNativeTarget "parsexample" */;
			buildPhases = (
				67D09088DE2BB3BD7EEA64D2 /* Check Pods Manifest.lock */,
				60477B001B0D75850072AEB0 /* Sources */,
				60477B011B0D75850072AEB0 /* Frameworks */,
				60477B021B0D75850072AEB0 /* Resources */,
				DCCB7DA294CA5C891014D24F /* Copy Pods Resources */,
			);
			buildRules = (
			);
			dependencies = (
			);
			name = parsexample;
			productName = parsexample;
			productReference = 60477B041B0D75850072AEB0 /* parsexample.app */;
			productType = "com.apple.product-type.application";
		};
		60477B181B0D75850072AEB0 /* parsexampleTests */ = {
			isa = PBXNativeTarget;
			buildConfigurationList = 60477B261B0D75850072AEB0 /* Build configuration list for PBXNativeTarget "parsexampleTests" */;
			buildPhases = (
				60477B151B0D75850072AEB0 /* Sources */,
				60477B161B0D75850072AEB0 /* Frameworks */,
				60477B171B0D75850072AEB0 /* Resources */,
			);
			buildRules = (
			);
			dependencies = (
				60477B1B1B0D75850072AEB0 /* PBXTargetDependency */,
			);
			name = parsexampleTests;
			productName = parsexampleTests;
			productReference = 60477B191B0D75850072AEB0 /* parsexampleTests.xctest */;
			productType = "com.apple.product-type.bundle.unit-test";
		};
/* End PBXNativeTarget section */

/* Begin PBXProject section */
		60477AFC1B0D75840072AEB0 /* Project object */ = {
			isa = PBXProject;
			attributes = {
				LastUpgradeCheck = 0630;
				ORGANIZATIONNAME = "Baris Taze";
				TargetAttributes = {
					60477B031B0D75850072AEB0 = {
						CreatedOnToolsVersion = 6.3.1;
					};
					60477B181B0D75850072AEB0 = {
						CreatedOnToolsVersion = 6.3.1;
						TestTargetID = 60477B031B0D75850072AEB0;
					};
				};
			};
			buildConfigurationList = 60477AFF1B0D75850072AEB0 /* Build configuration list for PBXProject "parsexample" */;
			compatibilityVersion = "Xcode 3.2";
			developmentRegion = English;
			hasScannedForEncodings = 0;
			knownRegions = (
				en,
				Base,
			);
			mainGroup = 60477AFB1B0D75840072AEB0;
			productRefGroup = 60477B051B0D75850072AEB0 /* Products */;
			projectDirPath = "";
			projectRoot = "";
			targets = (
				60477B031B0D75850072AEB0 /* parsexample */,
				60477B181B0D75850072AEB0 /* parsexampleTests */,
			);
		};
/* End PBXProject section */

/* Begin PBXResourcesBuildPhase section */
		60477B021B0D75850072AEB0 /* Resources */ = {
			isa = PBXResourcesBuildPhase;
			buildActionMask = 2147483647;
			files = (
				60477B0F1B0D75850072AEB0 /* Main.storyboard in Resources */,
				60477B141B0D75850072AEB0 /* LaunchScreen.xib in Resources */,
				60477B111B0D75850072AEB0 /* Images.xcassets in Resources */,
			);
			runOnlyForDeploymentPostprocessing = 0;
		};
		60477B171B0D75850072AEB0 /* Resources */ = {
			isa = PBXResourcesBuildPhase;
			buildActionMask = 2147483647;
			files = (
			);
			runOnlyForDeploymentPostprocessing = 0;
		};
/* End PBXResourcesBuildPhase section */

/* Begin PBXShellScriptBuildPhase section */
		67D09088DE2BB3BD7EEA64D2 /* Check Pods Manifest.lock */ = {
			isa = PBXShellScriptBuildPhase;
			buildActionMask = 2147483647;
			files = (
			);
			inputPaths = (
			);
			name = "Check Pods Manifest.lock";
			outputPaths = (
			);
			runOnlyForDeploymentPostprocessing = 0;
			shellPath = /bin/sh;
			shellScript = "diff \"${PODS_ROOT}/../Podfile.lock\" \"${PODS_ROOT}/Manifest.lock\" > /dev/null\nif [[ $? != 0 ]] ; then\n    cat << EOM\nerror: The sandbox is not in sync with the Podfile.lock. Run 'pod install' or update your CocoaPods installation.\nEOM\n    exit 1\nfi\n";
			showEnvVarsInLog = 0;
		};
		DCCB7DA294CA5C891014D24F /* Copy Pods Resources */ = {
			isa = PBXShellScriptBuildPhase;
			buildActionMask = 2147483647;
			files = (
			);
			inputPaths = (
			);
			name = "Copy Pods Resources";
			outputPaths = (
			);
			runOnlyForDeploymentPostprocessing = 0;
			shellPath = /bin/sh;
			shellScript = "\"${SRCROOT}/Pods/Target Support Files/Pods/Pods-resources.sh\"\n";
			showEnvVarsInLog = 0;
		};
/* End PBXShellScriptBuildPhase section */

/* Begin PBXSourcesBuildPhase section */
		60477B001B0D75850072AEB0 /* Sources */ = {
			isa = PBXSourcesBuildPhase;
			buildActionMask = 2147483647;
			files = (
				60477B0A1B0D75850072AEB0 /* AppDelegate.swift in Sources */,
			);
			runOnlyForDeploymentPostprocessing = 0;
		};
		60477B151B0D75850072AEB0 /* Sources */ = {
			isa = PBXSourcesBuildPhase;
			buildActionMask = 2147483647;
			files = (
				60477B201B0D75850072AEB0 /* parsexampleTests.swift in Sources */,
			);
			runOnlyForDeploymentPostprocessing = 0;
		};
/* End PBXSourcesBuildPhase section */

/* Begin PBXTargetDependency section */
		60477B1B1B0D75850072AEB0 /* PBXTargetDependency */ = {
			isa = PBXTargetDependency;
			target = 60477B031B0D75850072AEB0 /* parsexample */;
			targetProxy = 60477B1A1B0D75850072AEB0 /* PBXContainerItemProxy */;
		};
/* End PBXTargetDependency section */

/* Begin PBXVariantGroup section */
		60477B0D1B0D75850072AEB0 /* Main.storyboard */ = {
			isa = PBXVariantGroup;
			children = (
				60477B0E1B0D75850072AEB0 /* Base */,
			);
			name = Main.storyboard;
			sourceTree = "<group>";
		};
		60477B121B0D75850072AEB0 /* LaunchScreen.xib */ = {
			isa = PBXVariantGroup;
			children = (
				60477B131B0D75850072AEB0 /* Base */,
			);
			name = LaunchScreen.xib;
			sourceTree = "<group>";
		};
/* End PBXVariantGroup section */

/* Begin XCBuildConfiguration section */
		60477B211B0D75850072AEB0 /* Debug */ = {
			isa = XCBuildConfiguration;
			buildSettings = {
				ALWAYS_SEARCH_USER_PATHS = NO;
				CLANG_CXX_LANGUAGE_STANDARD = "gnu++0x";
				CLANG_CXX_LIBRARY = "libc++";
				CLANG_ENABLE_MODULES = YES;
				CLANG_ENABLE_OBJC_ARC = YES;
				CLANG_WARN_BOOL_CONVERSION = YES;
				CLANG_WARN_CONSTANT_CONVERSION = YES;
				CLANG_WARN_DIRECT_OBJC_ISA_USAGE = YES_ERROR;
				CLANG_WARN_EMPTY_BODY = YES;
				CLANG_WARN_ENUM_CONVERSION = YES;
				CLANG_WARN_INT_CONVERSION = YES;
				CLANG_WARN_OBJC_ROOT_CLASS = YES_ERROR;
				CLANG_WARN_UNREACHABLE_CODE = YES;
				CLANG_WARN__DUPLICATE_METHOD_MATCH = YES;
				"CODE_SIGN_IDENTITY[sdk=iphoneos*]" = "iPhone Developer";
				COPY_PHASE_STRIP = NO;
				DEBUG_INFORMATION_FORMAT = "dwarf-with-dsym";
				ENABLE_STRICT_OBJC_MSGSEND = YES;
				GCC_C_LANGUAGE_STANDARD = gnu99;
				GCC_DYNAMIC_NO_PIC = NO;
				GCC_NO_COMMON_BLOCKS = YES;
				GCC_OPTIMIZATION_LEVEL = 0;
				GCC_PREPROCESSOR_DEFINITIONS = (
					"DEBUG=1",
					"$(inherited)",
				);
				GCC_SYMBOLS_PRIVATE_EXTERN = NO;
				GCC_WARN_64_TO_32_BIT_CONVERSION = YES;
				GCC_WARN_ABOUT_RETURN_TYPE = YES_ERROR;
				GCC_WARN_UNDECLARED_SELECTOR = YES;
				GCC_WARN_UNINITIALIZED_AUTOS = YES_AGGRESSIVE;
				GCC_WARN_UNUSED_FUNCTION = YES;
				GCC_WARN_UNUSED_VARIABLE = YES;
				IPHONEOS_DEPLOYMENT_TARGET = 8.3;
				MTL_ENABLE_DEBUG_INFO = YES;
				ONLY_ACTIVE_ARCH = YES;
				SDKROOT = iphoneos;
				SWIFT_OPTIMIZATION_LEVEL = "-Onone";
			};
			name = Debug;
		};
		60477B221B0D75850072AEB0 /* Release */ = {
			isa = XCBuildConfiguration;
			buildSettings = {
				ALWAYS_SEARCH_USER_PATHS = NO;
				CLANG_CXX_LANGUAGE_STANDARD = "gnu++0x";
				CLANG_CXX_LIBRARY = "libc++";
				CLANG_ENABLE_MODULES = YES;
				CLANG_ENABLE_OBJC_ARC = YES;
				CLANG_WARN_BOOL_CONVERSION = YES;
				CLANG_WARN_CONSTANT_CONVERSION = YES;
				CLANG_WARN_DIRECT_OBJC_ISA_USAGE = YES_ERROR;
				CLANG_WARN_EMPTY_BODY = YES;
				CLANG_WARN_ENUM_CONVERSION = YES;
				CLANG_WARN_INT_CONVERSION = YES;
				CLANG_WARN_OBJC_ROOT_CLASS = YES_ERROR;
				CLANG_WARN_UNREACHABLE_CODE = YES;
				CLANG_WARN__DUPLICATE_METHOD_MATCH = YES;
				"CODE_SIGN_IDENTITY[sdk=iphoneos*]" = "iPhone Developer";
				COPY_PHASE_STRIP = NO;
				DEBUG_INFORMATION_FORMAT = "dwarf-with-dsym";
				ENABLE_NS_ASSERTIONS = NO;
				ENABLE_STRICT_OBJC_MSGSEND = YES;
				GCC_C_LANGUAGE_STANDARD = gnu99;
				GCC_NO_COMMON_BLOCKS = YES;
				GCC_WARN_64_TO_32_BIT_CONVERSION = YES;
				GCC_WARN_ABOUT_RETURN_TYPE = YES_ERROR;
				GCC_WARN_UNDECLARED_SELECTOR = YES;
				GCC_WARN_UNINITIALIZED_AUTOS = YES_AGGRESSIVE;
				GCC_WARN_UNUSED_FUNCTION = YES;
				GCC_WARN_UNUSED_VARIABLE = YES;
				IPHONEOS_DEPLOYMENT_TARGET = 8.3;
				MTL_ENABLE_DEBUG_INFO = NO;
				SDKROOT = iphoneos;
				VALIDATE_PRODUCT = YES;
			};
			name = Release;
		};
		60477B241B0D75850072AEB0 /* Debug */ = {
			isa = XCBuildConfiguration;
			baseConfigurationReference = CB3A7426568DEF6684D818FA /* Pods.debug.xcconfig */;
			buildSettings = {
				ASSETCATALOG_COMPILER_APPICON_NAME = AppIcon;
				INFOPLIST_FILE = parsexample/Info.plist;
				LD_RUNPATH_SEARCH_PATHS = "$(inherited) @executable_path/Frameworks";
				PRODUCT_NAME = "$(TARGET_NAME)";
			};
			name = Debug;
		};
		60477B251B0D75850072AEB0 /* Release */ = {
			isa = XCBuildConfiguration;
			baseConfigurationReference = 51DBF74A53828A907AC367AC /* Pods.release.xcconfig */;
			buildSettings = {
				ASSETCATALOG_COMPILER_APPICON_NAME = AppIcon;
				INFOPLIST_FILE = parsexample/Info.plist;
				LD_RUNPATH_SEARCH_PATHS = "$(inherited) @executable_path/Frameworks";
				PRODUCT_NAME = "$(TARGET_NAME)";
			};
			name = Release;
		};
		60477B271B0D75850072AEB0 /* Debug */ = {
			isa = XCBuildConfiguration;
			buildSettings = {
				BUNDLE_LOADER = "$(TEST_HOST)";
				FRAMEWORK_SEARCH_PATHS = (
					"$(SDKROOT)/Developer/Library/Frameworks",
					"$(inherited)",
				);
				GCC_PREPROCESSOR_DEFINITIONS = (
					"DEBUG=1",
					"$(inherited)",
				);
				INFOPLIST_FILE = parsexampleTests/Info.plist;
				LD_RUNPATH_SEARCH_PATHS = "$(inherited) @executable_path/Frameworks @loader_path/Frameworks";
				PRODUCT_NAME = "$(TARGET_NAME)";
				TEST_HOST = "$(BUILT_PRODUCTS_DIR)/parsexample.app/parsexample";
			};
			name = Debug;
		};
		60477B281B0D75850072AEB0 /* Release */ = {
			isa = XCBuildConfiguration;
			buildSettings = {
				BUNDLE_LOADER = "$(TEST_HOST)";
				FRAMEWORK_SEARCH_PATHS = (
					"$(SDKROOT)/Developer/Library/Frameworks",
					"$(inherited)",
				);
				INFOPLIST_FILE = parsexampleTests/Info.plist;
				LD_RUNPATH_SEARCH_PATHS = "$(inherited) @executable_path/Frameworks @loader_path/Frameworks";
				PRODUCT_NAME = "$(TARGET_NAME)";
				TEST_HOST = "$(BUILT_PRODUCTS_DIR)/parsexample.app/parsexample";
			};
			name = Release;
		};
/* End XCBuildConfiguration section */

/* Begin XCConfigurationList section */
		60477AFF1B0D75850072AEB0 /* Build configuration list for PBXProject "parsexample" */ = {
			isa = XCConfigurationList;
			buildConfigurations = (
				60477B211B0D75850072AEB0 /* Debug */,
				60477B221B0D75850072AEB0 /* Release */,
			);
			defaultConfigurationIsVisible = 0;
			defaultConfigurationName = Release;
		};
		60477B231B0D75850072AEB0 /* Build configuration list for PBXNativeTarget "parsexample" */ = {
			isa = XCConfigurationList;
			buildConfigurations = (
				60477B241B0D75850072AEB0 /* Debug */,
				60477B251B0D75850072AEB0 /* Release */,
			);
			defaultConfigurationIsVisible = 0;
			defaultConfigurationName = Release;
		};
		60477B261B0D75850072AEB0 /* Build configuration list for PBXNativeTarget "parsexampleTests" */ = {
			isa = XCConfigurationList;
			buildConfigurations = (
				60477B271B0D75850072AEB0 /* Debug */,
				60477B281B0D75850072AEB0 /* Release */,
			);
			defaultConfigurationIsVisible = 0;
			defaultConfigurationName = Release;
		};
/* End XCConfigurationList section */
	};
	rootObject = 60477AFC1B0D75840072AEB0 /* Project object */;
}
